PODS:
  - DZNEmptyDataSet (1.8.1)
  - Pageboy (3.4.0)
  - PromiseKit (6.11.0):
    - PromiseKit/CorePromise (= 6.11.0)
    - PromiseKit/Foundation (= 6.11.0)
    - PromiseKit/UIKit (= 6.11.0)
  - PromiseKit/CorePromise (6.11.0)
  - PromiseKit/Foundation (6.11.0):
    - PromiseKit/CorePromise
  - PromiseKit/UIKit (6.11.0):
    - PromiseKit/CorePromise

DEPENDENCIES:
  - DZNEmptyDataSet
  - Pageboy
  - PromiseKit

SPEC REPOS:
  https://github.com/cocoapods/specs.git:
    - DZNEmptyDataSet
    - Pageboy
    - PromiseKit

SPEC CHECKSUMS:
  DZNEmptyDataSet: 9525833b9e68ac21c30253e1d3d7076cc828eaa7
  Pageboy: fd23a9b9e8156f4fac62731637f5d6f7d1e1c3aa
  PromiseKit: e4863d06976e7dee5e41c04fc7371c16b3600292

PODFILE CHECKSUM: ed66e461f4c6e54c75409d472144ea30b374f0ae

COCOAPODS: 1.7.5
