// !$*UTF8*$!
{
	archiveVersion = 1;
	classes = {
	};
	objectVersion = 50;
	objects = {

/* Begin PBXBuildFile section */
		0B327F779062FC13F204BD66 /* Pods_KPI_Schedule_Tests.framework in Frameworks */ = {isa = PBXBuildFile; fileRef = DAEF86A691B76155A08E4CF9 /* Pods_KPI_Schedule_Tests.framework */; };
		3A13390022456AB600A03271 /* Localization.swift in Sources */ = {isa = PBXBuildFile; fileRef = 3A1338FF22456AB600A03271 /* Localization.swift */; };
		3A1339062245718E00A03271 /* Localizable.strings in Resources */ = {isa = PBXBuildFile; fileRef = 3A13390322456EA800A03271 /* Localizable.strings */; };
		3A1339072245733B00A03271 /* Localizable.strings in Resources */ = {isa = PBXBuildFile; fileRef = 3A13390322456EA800A03271 /* Localizable.strings */; };
		3A1339082245749200A03271 /* Localization.swift in Sources */ = {isa = PBXBuildFile; fileRef = 3A1338FF22456AB600A03271 /* Localization.swift */; };
		3A13390A2245A0C500A03271 /* UIImage+Extensions.swift in Sources */ = {isa = PBXBuildFile; fileRef = 3A1339092245A0C500A03271 /* UIImage+Extensions.swift */; };
		3A18DDA9223BA84B00E9844A /* LessonTeachersDataSource.swift in Sources */ = {isa = PBXBuildFile; fileRef = 3A18DDA8223BA84B00E9844A /* LessonTeachersDataSource.swift */; };
		3A18DDAB223BA85900E9844A /* LessonLocationsDataSource.swift in Sources */ = {isa = PBXBuildFile; fileRef = 3A18DDAA223BA85900E9844A /* LessonLocationsDataSource.swift */; };
		3A18DDAD223BABA800E9844A /* LocationCell.swift in Sources */ = {isa = PBXBuildFile; fileRef = 3A18DDAC223BABA800E9844A /* LocationCell.swift */; };
		3A2E6B05223179B1004623F1 /* NetworkingApiError.swift in Sources */ = {isa = PBXBuildFile; fileRef = 3A2E6B04223179B1004623F1 /* NetworkingApiError.swift */; };
		3A2E6B0622317ABA004623F1 /* NetworkingApiError.swift in Sources */ = {isa = PBXBuildFile; fileRef = 3A2E6B04223179B1004623F1 /* NetworkingApiError.swift */; };
		3A3F0F0A2236996E00BFA1CC /* SettingsVC.swift in Sources */ = {isa = PBXBuildFile; fileRef = 3A3F0F092236996E00BFA1CC /* SettingsVC.swift */; };
		3A48285C222F2AA30093E949 /* AppDelegate.swift in Sources */ = {isa = PBXBuildFile; fileRef = 3A48285B222F2AA30093E949 /* AppDelegate.swift */; };
		3A482861222F2AA30093E949 /* Main.storyboard in Resources */ = {isa = PBXBuildFile; fileRef = 3A48285F222F2AA30093E949 /* Main.storyboard */; };
		3A482863222F2AA50093E949 /* Assets.xcassets in Resources */ = {isa = PBXBuildFile; fileRef = 3A482862222F2AA50093E949 /* Assets.xcassets */; };
		3A482866222F2AA50093E949 /* LaunchScreen.storyboard in Resources */ = {isa = PBXBuildFile; fileRef = 3A482864222F2AA50093E949 /* LaunchScreen.storyboard */; };
		3A48286F222F2B360093E949 /* NetworkingApi.swift in Sources */ = {isa = PBXBuildFile; fileRef = 3A48286E222F2B360093E949 /* NetworkingApi.swift */; };
		3A482878222F42900093E949 /* GroupInfo.swift in Sources */ = {isa = PBXBuildFile; fileRef = 3A482877222F42900093E949 /* GroupInfo.swift */; };
		3A48287A222F42B90093E949 /* GroupsResponseMeta.swift in Sources */ = {isa = PBXBuildFile; fileRef = 3A482879222F42B90093E949 /* GroupsResponseMeta.swift */; };
		3A48287C222F42D70093E949 /* GroupType.swift in Sources */ = {isa = PBXBuildFile; fileRef = 3A48287B222F42D70093E949 /* GroupType.swift */; };
		3A48287E222F42EE0093E949 /* GroupOKR.swift in Sources */ = {isa = PBXBuildFile; fileRef = 3A48287D222F42EE0093E949 /* GroupOKR.swift */; };
		3A482880222F571F0093E949 /* TeacherInfo.swift in Sources */ = {isa = PBXBuildFile; fileRef = 3A48287F222F571F0093E949 /* TeacherInfo.swift */; };
		3A482882222F57360093E949 /* RoomInfo.swift in Sources */ = {isa = PBXBuildFile; fileRef = 3A482881222F57360093E949 /* RoomInfo.swift */; };
		3A482888222F577C0093E949 /* LessonInfo.swift in Sources */ = {isa = PBXBuildFile; fileRef = 3A482887222F577C0093E949 /* LessonInfo.swift */; };
		3A482890222F58C60093E949 /* NetworkingApiTests.swift in Sources */ = {isa = PBXBuildFile; fileRef = 3A48288F222F58C60093E949 /* NetworkingApiTests.swift */; };
		3A482897222F59930093E949 /* NetworkingApi.swift in Sources */ = {isa = PBXBuildFile; fileRef = 3A48286E222F2B360093E949 /* NetworkingApi.swift */; };
		3A482899222F5A7F0093E949 /* GroupsResponseMeta.swift in Sources */ = {isa = PBXBuildFile; fileRef = 3A482879222F42B90093E949 /* GroupsResponseMeta.swift */; };
		3A48289A222F5A820093E949 /* GroupInfo.swift in Sources */ = {isa = PBXBuildFile; fileRef = 3A482877222F42900093E949 /* GroupInfo.swift */; };
		3A48289B222F5A850093E949 /* GroupOKR.swift in Sources */ = {isa = PBXBuildFile; fileRef = 3A48287D222F42EE0093E949 /* GroupOKR.swift */; };
		3A48289C222F5A880093E949 /* GroupType.swift in Sources */ = {isa = PBXBuildFile; fileRef = 3A48287B222F42D70093E949 /* GroupType.swift */; };
		3A48289E222F5A8E0093E949 /* LessonInfo.swift in Sources */ = {isa = PBXBuildFile; fileRef = 3A482887222F577C0093E949 /* LessonInfo.swift */; };
		3A4828A2222F5A980093E949 /* RoomInfo.swift in Sources */ = {isa = PBXBuildFile; fileRef = 3A482881222F57360093E949 /* RoomInfo.swift */; };
		3A4828A7222F64890093E949 /* TeacherInfo.swift in Sources */ = {isa = PBXBuildFile; fileRef = 3A48287F222F571F0093E949 /* TeacherInfo.swift */; };
		3A4828AC222F65940093E949 /* TimetableInfo.swift in Sources */ = {isa = PBXBuildFile; fileRef = 3A4828AB222F65940093E949 /* TimetableInfo.swift */; };
		3A4828AE222F65C60093E949 /* WeeksInfo.swift in Sources */ = {isa = PBXBuildFile; fileRef = 3A4828AD222F65C60093E949 /* WeeksInfo.swift */; };
		3A4828B0222F66730093E949 /* TimetableInfo.swift in Sources */ = {isa = PBXBuildFile; fileRef = 3A4828AB222F65940093E949 /* TimetableInfo.swift */; };
		3A4828B1222F66760093E949 /* WeeksInfo.swift in Sources */ = {isa = PBXBuildFile; fileRef = 3A4828AD222F65C60093E949 /* WeeksInfo.swift */; };
		3A4828B3222F67AF0093E949 /* WeekInfo.swift in Sources */ = {isa = PBXBuildFile; fileRef = 3A4828B2222F67AF0093E949 /* WeekInfo.swift */; };
		3A4828B5222F67F20093E949 /* DaysInfo.swift in Sources */ = {isa = PBXBuildFile; fileRef = 3A4828B4222F67F20093E949 /* DaysInfo.swift */; };
		3A4828B7222F68EB0093E949 /* DayInfo.swift in Sources */ = {isa = PBXBuildFile; fileRef = 3A4828B6222F68EB0093E949 /* DayInfo.swift */; };
		3A4828B8222F69560093E949 /* DayInfo.swift in Sources */ = {isa = PBXBuildFile; fileRef = 3A4828B6222F68EB0093E949 /* DayInfo.swift */; };
		3A4828B9222F69580093E949 /* DaysInfo.swift in Sources */ = {isa = PBXBuildFile; fileRef = 3A4828B4222F67F20093E949 /* DaysInfo.swift */; };
		3A4828BA222F695B0093E949 /* WeekInfo.swift in Sources */ = {isa = PBXBuildFile; fileRef = 3A4828B2222F67AF0093E949 /* WeekInfo.swift */; };
		3A4CDE7A2243CD1D0084268A /* UIColor+Extensions.swift in Sources */ = {isa = PBXBuildFile; fileRef = 3A4CDE792243CD1D0084268A /* UIColor+Extensions.swift */; };
		3A5F57892230400E00BFD268 /* SplashScreenVC.swift in Sources */ = {isa = PBXBuildFile; fileRef = 3A5F57882230400E00BFD268 /* SplashScreenVC.swift */; };
		3A5F578B2230501500BFD268 /* RoundedButton.swift in Sources */ = {isa = PBXBuildFile; fileRef = 3A5F578A2230501500BFD268 /* RoundedButton.swift */; };
		3A5F578E223053EC00BFD268 /* ChooseGroupVC.swift in Sources */ = {isa = PBXBuildFile; fileRef = 3A5F578D223053EC00BFD268 /* ChooseGroupVC.swift */; };
		3A5F5794223060DA00BFD268 /* Preferences.swift in Sources */ = {isa = PBXBuildFile; fileRef = 3A5F5793223060DA00BFD268 /* Preferences.swift */; };
		3A5F5796223067B000BFD268 /* ScheduleVC.swift in Sources */ = {isa = PBXBuildFile; fileRef = 3A5F5795223067B000BFD268 /* ScheduleVC.swift */; };
		3A5F57982230684000BFD268 /* SchedulePagerVC.swift in Sources */ = {isa = PBXBuildFile; fileRef = 3A5F57972230684000BFD268 /* SchedulePagerVC.swift */; };
		3A5F579A22306AF300BFD268 /* LessonTypeLabel.swift in Sources */ = {isa = PBXBuildFile; fileRef = 3A5F579922306AF300BFD268 /* LessonTypeLabel.swift */; };
		3A5F579C22306DC700BFD268 /* ScheduleDayVC.swift in Sources */ = {isa = PBXBuildFile; fileRef = 3A5F579B22306DC700BFD268 /* ScheduleDayVC.swift */; };
		3A5F57A122307A5800BFD268 /* LessonCell.swift in Sources */ = {isa = PBXBuildFile; fileRef = 3A5F57A022307A5800BFD268 /* LessonCell.swift */; };
		3A5F57A322307E9A00BFD268 /* PaddingLabel.swift in Sources */ = {isa = PBXBuildFile; fileRef = 3A5F57A222307E9A00BFD268 /* PaddingLabel.swift */; };
		3A5F57A52230807800BFD268 /* LessonLocationLabel.swift in Sources */ = {isa = PBXBuildFile; fileRef = 3A5F57A42230807800BFD268 /* LessonLocationLabel.swift */; };
		3A5F57A72230835500BFD268 /* LessonType.swift in Sources */ = {isa = PBXBuildFile; fileRef = 3A5F57A62230835500BFD268 /* LessonType.swift */; };
		3A6FBAA32246C8D30051B69C /* MainTabBarVC.swift in Sources */ = {isa = PBXBuildFile; fileRef = 3A6FBAA22246C8D30051B69C /* MainTabBarVC.swift */; };
		3A747961224373B9007366E2 /* GroupsSelectionTVC.swift in Sources */ = {isa = PBXBuildFile; fileRef = 3A747960224373B9007366E2 /* GroupsSelectionTVC.swift */; };
		3AB74A462236B6E9005AA30D /* LessonVC.swift in Sources */ = {isa = PBXBuildFile; fileRef = 3AB74A452236B6E9005AA30D /* LessonVC.swift */; };
		3AB74A4A2236D9BB005AA30D /* LightStatusBarNavigationVC.swift in Sources */ = {isa = PBXBuildFile; fileRef = 3AB74A492236D9BB005AA30D /* LightStatusBarNavigationVC.swift */; };
		3AB74A4C2236F16F005AA30D /* GradientTitleBgNavigationVC.swift in Sources */ = {isa = PBXBuildFile; fileRef = 3AB74A4B2236F16F005AA30D /* GradientTitleBgNavigationVC.swift */; };
		3AB74A4E22370166005AA30D /* Notification+Extensions.swift in Sources */ = {isa = PBXBuildFile; fileRef = 3AB74A4D22370166005AA30D /* Notification+Extensions.swift */; };
		3ABB3DD12244CD16000B9685 /* Preferences.swift in Sources */ = {isa = PBXBuildFile; fileRef = 3A5F5793223060DA00BFD268 /* Preferences.swift */; };
		3ABB3DD22244CFB4000B9685 /* AppDelegate.swift in Sources */ = {isa = PBXBuildFile; fileRef = 3A48285B222F2AA30093E949 /* AppDelegate.swift */; };
		3ABB3DD42244D219000B9685 /* LabeledCodable.swift in Sources */ = {isa = PBXBuildFile; fileRef = 3ABB3DD32244D219000B9685 /* LabeledCodable.swift */; };
		3ABB3DD52244D258000B9685 /* LabeledCodable.swift in Sources */ = {isa = PBXBuildFile; fileRef = 3ABB3DD32244D219000B9685 /* LabeledCodable.swift */; };
		3ABB3DDA2244F302000B9685 /* Reachability.swift in Sources */ = {isa = PBXBuildFile; fileRef = 3ABB3DD92244F302000B9685 /* Reachability.swift */; };
		3ABB3DDB2244F335000B9685 /* Reachability.swift in Sources */ = {isa = PBXBuildFile; fileRef = 3ABB3DD92244F302000B9685 /* Reachability.swift */; };
		3AC6EBD1222FC94800A387CC /* Schedule.swift in Sources */ = {isa = PBXBuildFile; fileRef = 3AC6EBD0222FC94800A387CC /* Schedule.swift */; };
		3AC6EBD2222FC94800A387CC /* Schedule.swift in Sources */ = {isa = PBXBuildFile; fileRef = 3AC6EBD0222FC94800A387CC /* Schedule.swift */; };
		3AC6EBD6222FD9D000A387CC /* Week.swift in Sources */ = {isa = PBXBuildFile; fileRef = 3AC6EBD5222FD9D000A387CC /* Week.swift */; };
		3AC6EBD7222FD9D000A387CC /* Week.swift in Sources */ = {isa = PBXBuildFile; fileRef = 3AC6EBD5222FD9D000A387CC /* Week.swift */; };
		3AC6EBD9222FD9EE00A387CC /* Day.swift in Sources */ = {isa = PBXBuildFile; fileRef = 3AC6EBD8222FD9EE00A387CC /* Day.swift */; };
		3AC6EBDA222FD9EE00A387CC /* Day.swift in Sources */ = {isa = PBXBuildFile; fileRef = 3AC6EBD8222FD9EE00A387CC /* Day.swift */; };
		3AC6EBDC222FD9FF00A387CC /* Lesson.swift in Sources */ = {isa = PBXBuildFile; fileRef = 3AC6EBDB222FD9FF00A387CC /* Lesson.swift */; };
		3AC6EBDD222FD9FF00A387CC /* Lesson.swift in Sources */ = {isa = PBXBuildFile; fileRef = 3AC6EBDB222FD9FF00A387CC /* Lesson.swift */; };
		3AC6EBDF222FDA1000A387CC /* Teacher.swift in Sources */ = {isa = PBXBuildFile; fileRef = 3AC6EBDE222FDA1000A387CC /* Teacher.swift */; };
		3AC6EBE0222FDA1000A387CC /* Teacher.swift in Sources */ = {isa = PBXBuildFile; fileRef = 3AC6EBDE222FDA1000A387CC /* Teacher.swift */; };
		3AC6EBE2222FDA2700A387CC /* Room.swift in Sources */ = {isa = PBXBuildFile; fileRef = 3AC6EBE1222FDA2700A387CC /* Room.swift */; };
		3AC6EBE3222FDA2700A387CC /* Room.swift in Sources */ = {isa = PBXBuildFile; fileRef = 3AC6EBE1222FDA2700A387CC /* Room.swift */; };
		3AC6EBE5222FDC5A00A387CC /* ArrayDataResponse.swift in Sources */ = {isa = PBXBuildFile; fileRef = 3AC6EBE4222FDC5A00A387CC /* ArrayDataResponse.swift */; };
		3AC6EBE6222FDC5A00A387CC /* ArrayDataResponse.swift in Sources */ = {isa = PBXBuildFile; fileRef = 3AC6EBE4222FDC5A00A387CC /* ArrayDataResponse.swift */; };
		3AC6EBE8222FDC9900A387CC /* SingleDataResponse.swift in Sources */ = {isa = PBXBuildFile; fileRef = 3AC6EBE7222FDC9900A387CC /* SingleDataResponse.swift */; };
		3AC6EBE9222FDC9900A387CC /* SingleDataResponse.swift in Sources */ = {isa = PBXBuildFile; fileRef = 3AC6EBE7222FDC9900A387CC /* SingleDataResponse.swift */; };
		3AC6EBEB222FEAAC00A387CC /* NetworkingApiFacade.swift in Sources */ = {isa = PBXBuildFile; fileRef = 3AC6EBEA222FEAAC00A387CC /* NetworkingApiFacade.swift */; };
		3AC6EBEC222FEAAC00A387CC /* NetworkingApiFacade.swift in Sources */ = {isa = PBXBuildFile; fileRef = 3AC6EBEA222FEAAC00A387CC /* NetworkingApiFacade.swift */; };
		3AC6EBEE222FF1ED00A387CC /* NetworkingAPIFacadeTests.swift in Sources */ = {isa = PBXBuildFile; fileRef = 3AC6EBED222FF1ED00A387CC /* NetworkingAPIFacadeTests.swift */; };
		3ACDD5E4223104DD00A0DE04 /* CGRect+Extensions.swift in Sources */ = {isa = PBXBuildFile; fileRef = 3ACDD5E3223104DD00A0DE04 /* CGRect+Extensions.swift */; };
		3ACDD5E62231288800A0DE04 /* Math.swift in Sources */ = {isa = PBXBuildFile; fileRef = 3ACDD5E52231288800A0DE04 /* Math.swift */; };
		3ADC4B5F2244498A00E9F851 /* ScheduleTutorialVC.swift in Sources */ = {isa = PBXBuildFile; fileRef = 3ADC4B5E2244498A00E9F851 /* ScheduleTutorialVC.swift */; };
		3ADC4B6122444C0D00E9F851 /* TutorialPageVC.swift in Sources */ = {isa = PBXBuildFile; fileRef = 3ADC4B6022444C0D00E9F851 /* TutorialPageVC.swift */; };
		3AE8536722328CB600B40971 /* TeachersVC.swift in Sources */ = {isa = PBXBuildFile; fileRef = 3AE8536622328CB600B40971 /* TeachersVC.swift */; };
		3AF967D422318AB900761ACD /* DayOfWeek.swift in Sources */ = {isa = PBXBuildFile; fileRef = 3AF967D322318AB900761ACD /* DayOfWeek.swift */; };
		3AF967D622318AF900761ACD /* ScheduleWeek.swift in Sources */ = {isa = PBXBuildFile; fileRef = 3AF967D522318AF900761ACD /* ScheduleWeek.swift */; };
		3AF967D722318AFE00761ACD /* ScheduleWeek.swift in Sources */ = {isa = PBXBuildFile; fileRef = 3AF967D522318AF900761ACD /* ScheduleWeek.swift */; };
		3AF967D822318B0800761ACD /* LessonType.swift in Sources */ = {isa = PBXBuildFile; fileRef = 3A5F57A62230835500BFD268 /* LessonType.swift */; };
		3AF967D922318B0D00761ACD /* DayOfWeek.swift in Sources */ = {isa = PBXBuildFile; fileRef = 3AF967D322318AB900761ACD /* DayOfWeek.swift */; };
		3AF967DB2231A32B00761ACD /* Date+Extensions.swift in Sources */ = {isa = PBXBuildFile; fileRef = 3AF967DA2231A32B00761ACD /* Date+Extensions.swift */; };
		3AF967DC2231A43B00761ACD /* Date+Extensions.swift in Sources */ = {isa = PBXBuildFile; fileRef = 3AF967DA2231A32B00761ACD /* Date+Extensions.swift */; };
		3AF967DE2231A47F00761ACD /* DayOfWeekTests.swift in Sources */ = {isa = PBXBuildFile; fileRef = 3AF967DD2231A47F00761ACD /* DayOfWeekTests.swift */; };
		5BD76FD0968E6F1354D1409B /* Pods_KPI_Schedule.framework in Frameworks */ = {isa = PBXBuildFile; fileRef = 5DF3727B1C3918B35F1054AB /* Pods_KPI_Schedule.framework */; };
/* End PBXBuildFile section */

/* Begin PBXContainerItemProxy section */
		3A482892222F58C60093E949 /* PBXContainerItemProxy */ = {
			isa = PBXContainerItemProxy;
			containerPortal = 3A482850222F2AA30093E949 /* Project object */;
			proxyType = 1;
			remoteGlobalIDString = 3A482857222F2AA30093E949;
			remoteInfo = "KPI Schedule";
		};
/* End PBXContainerItemProxy section */

/* Begin PBXFileReference section */
		3A0D7E992247CD7A0089F97A /* KPI Schedule.entitlements */ = {isa = PBXFileReference; lastKnownFileType = text.plist.entitlements; path = "KPI Schedule.entitlements"; sourceTree = "<group>"; };
		3A1338FF22456AB600A03271 /* Localization.swift */ = {isa = PBXFileReference; lastKnownFileType = sourcecode.swift; path = Localization.swift; sourceTree = "<group>"; };
		3A13390222456EA800A03271 /* en */ = {isa = PBXFileReference; lastKnownFileType = text.plist.strings; name = en; path = en.lproj/Localizable.strings; sourceTree = "<group>"; };
		3A13390422456EEE00A03271 /* ru */ = {isa = PBXFileReference; lastKnownFileType = text.plist.strings; name = ru; path = ru.lproj/Localizable.strings; sourceTree = "<group>"; };
		3A13390522456EF700A03271 /* uk */ = {isa = PBXFileReference; lastKnownFileType = text.plist.strings; name = uk; path = uk.lproj/Localizable.strings; sourceTree = "<group>"; };
		3A1339092245A0C500A03271 /* UIImage+Extensions.swift */ = {isa = PBXFileReference; lastKnownFileType = sourcecode.swift; path = "UIImage+Extensions.swift"; sourceTree = "<group>"; };
		3A18DDA8223BA84B00E9844A /* LessonTeachersDataSource.swift */ = {isa = PBXFileReference; lastKnownFileType = sourcecode.swift; path = LessonTeachersDataSource.swift; sourceTree = "<group>"; };
		3A18DDAA223BA85900E9844A /* LessonLocationsDataSource.swift */ = {isa = PBXFileReference; lastKnownFileType = sourcecode.swift; path = LessonLocationsDataSource.swift; sourceTree = "<group>"; };
		3A18DDAC223BABA800E9844A /* LocationCell.swift */ = {isa = PBXFileReference; lastKnownFileType = sourcecode.swift; path = LocationCell.swift; sourceTree = "<group>"; };
		3A2E6B04223179B1004623F1 /* NetworkingApiError.swift */ = {isa = PBXFileReference; lastKnownFileType = sourcecode.swift; path = NetworkingApiError.swift; sourceTree = "<group>"; };
		3A3F0F092236996E00BFA1CC /* SettingsVC.swift */ = {isa = PBXFileReference; lastKnownFileType = sourcecode.swift; path = SettingsVC.swift; sourceTree = "<group>"; };
		3A482858222F2AA30093E949 /* KPI Schedule.app */ = {isa = PBXFileReference; explicitFileType = wrapper.application; includeInIndex = 0; path = "KPI Schedule.app"; sourceTree = BUILT_PRODUCTS_DIR; };
		3A48285B222F2AA30093E949 /* AppDelegate.swift */ = {isa = PBXFileReference; lastKnownFileType = sourcecode.swift; path = AppDelegate.swift; sourceTree = "<group>"; };
		3A482860222F2AA30093E949 /* Base */ = {isa = PBXFileReference; lastKnownFileType = file.storyboard; name = Base; path = Base.lproj/Main.storyboard; sourceTree = "<group>"; };
		3A482862222F2AA50093E949 /* Assets.xcassets */ = {isa = PBXFileReference; lastKnownFileType = folder.assetcatalog; path = Assets.xcassets; sourceTree = "<group>"; };
		3A482865222F2AA50093E949 /* Base */ = {isa = PBXFileReference; lastKnownFileType = file.storyboard; name = Base; path = Base.lproj/LaunchScreen.storyboard; sourceTree = "<group>"; };
		3A482867222F2AA50093E949 /* Info.plist */ = {isa = PBXFileReference; lastKnownFileType = text.plist.xml; path = Info.plist; sourceTree = "<group>"; };
		3A48286E222F2B360093E949 /* NetworkingApi.swift */ = {isa = PBXFileReference; lastKnownFileType = sourcecode.swift; path = NetworkingApi.swift; sourceTree = "<group>"; };
		3A482877222F42900093E949 /* GroupInfo.swift */ = {isa = PBXFileReference; lastKnownFileType = sourcecode.swift; path = GroupInfo.swift; sourceTree = "<group>"; };
		3A482879222F42B90093E949 /* GroupsResponseMeta.swift */ = {isa = PBXFileReference; lastKnownFileType = sourcecode.swift; path = GroupsResponseMeta.swift; sourceTree = "<group>"; };
		3A48287B222F42D70093E949 /* GroupType.swift */ = {isa = PBXFileReference; lastKnownFileType = sourcecode.swift; path = GroupType.swift; sourceTree = "<group>"; };
		3A48287D222F42EE0093E949 /* GroupOKR.swift */ = {isa = PBXFileReference; lastKnownFileType = sourcecode.swift; path = GroupOKR.swift; sourceTree = "<group>"; };
		3A48287F222F571F0093E949 /* TeacherInfo.swift */ = {isa = PBXFileReference; lastKnownFileType = sourcecode.swift; path = TeacherInfo.swift; sourceTree = "<group>"; };
		3A482881222F57360093E949 /* RoomInfo.swift */ = {isa = PBXFileReference; lastKnownFileType = sourcecode.swift; path = RoomInfo.swift; sourceTree = "<group>"; };
		3A482887222F577C0093E949 /* LessonInfo.swift */ = {isa = PBXFileReference; lastKnownFileType = sourcecode.swift; path = LessonInfo.swift; sourceTree = "<group>"; };
		3A48288D222F58C60093E949 /* KPI Schedule Tests.xctest */ = {isa = PBXFileReference; explicitFileType = wrapper.cfbundle; includeInIndex = 0; path = "KPI Schedule Tests.xctest"; sourceTree = BUILT_PRODUCTS_DIR; };
		3A48288F222F58C60093E949 /* NetworkingApiTests.swift */ = {isa = PBXFileReference; lastKnownFileType = sourcecode.swift; path = NetworkingApiTests.swift; sourceTree = "<group>"; };
		3A482891222F58C60093E949 /* Info.plist */ = {isa = PBXFileReference; lastKnownFileType = text.plist.xml; path = Info.plist; sourceTree = "<group>"; };
		3A4828AB222F65940093E949 /* TimetableInfo.swift */ = {isa = PBXFileReference; lastKnownFileType = sourcecode.swift; path = TimetableInfo.swift; sourceTree = "<group>"; };
		3A4828AD222F65C60093E949 /* WeeksInfo.swift */ = {isa = PBXFileReference; lastKnownFileType = sourcecode.swift; path = WeeksInfo.swift; sourceTree = "<group>"; };
		3A4828B2222F67AF0093E949 /* WeekInfo.swift */ = {isa = PBXFileReference; lastKnownFileType = sourcecode.swift; path = WeekInfo.swift; sourceTree = "<group>"; };
		3A4828B4222F67F20093E949 /* DaysInfo.swift */ = {isa = PBXFileReference; lastKnownFileType = sourcecode.swift; path = DaysInfo.swift; sourceTree = "<group>"; };
		3A4828B6222F68EB0093E949 /* DayInfo.swift */ = {isa = PBXFileReference; lastKnownFileType = sourcecode.swift; path = DayInfo.swift; sourceTree = "<group>"; };
		3A4CDE792243CD1D0084268A /* UIColor+Extensions.swift */ = {isa = PBXFileReference; lastKnownFileType = sourcecode.swift; path = "UIColor+Extensions.swift"; sourceTree = "<group>"; };
		3A5F57882230400E00BFD268 /* SplashScreenVC.swift */ = {isa = PBXFileReference; lastKnownFileType = sourcecode.swift; path = SplashScreenVC.swift; sourceTree = "<group>"; };
		3A5F578A2230501500BFD268 /* RoundedButton.swift */ = {isa = PBXFileReference; lastKnownFileType = sourcecode.swift; path = RoundedButton.swift; sourceTree = "<group>"; };
		3A5F578D223053EC00BFD268 /* ChooseGroupVC.swift */ = {isa = PBXFileReference; lastKnownFileType = sourcecode.swift; path = ChooseGroupVC.swift; sourceTree = "<group>"; };
		3A5F5793223060DA00BFD268 /* Preferences.swift */ = {isa = PBXFileReference; lastKnownFileType = sourcecode.swift; path = Preferences.swift; sourceTree = "<group>"; };
		3A5F5795223067B000BFD268 /* ScheduleVC.swift */ = {isa = PBXFileReference; lastKnownFileType = sourcecode.swift; path = ScheduleVC.swift; sourceTree = "<group>"; };
		3A5F57972230684000BFD268 /* SchedulePagerVC.swift */ = {isa = PBXFileReference; lastKnownFileType = sourcecode.swift; path = SchedulePagerVC.swift; sourceTree = "<group>"; };
		3A5F579922306AF300BFD268 /* LessonTypeLabel.swift */ = {isa = PBXFileReference; lastKnownFileType = sourcecode.swift; path = LessonTypeLabel.swift; sourceTree = "<group>"; };
		3A5F579B22306DC700BFD268 /* ScheduleDayVC.swift */ = {isa = PBXFileReference; lastKnownFileType = sourcecode.swift; path = ScheduleDayVC.swift; sourceTree = "<group>"; };
		3A5F57A022307A5800BFD268 /* LessonCell.swift */ = {isa = PBXFileReference; lastKnownFileType = sourcecode.swift; path = LessonCell.swift; sourceTree = "<group>"; };
		3A5F57A222307E9A00BFD268 /* PaddingLabel.swift */ = {isa = PBXFileReference; lastKnownFileType = sourcecode.swift; path = PaddingLabel.swift; sourceTree = "<group>"; };
		3A5F57A42230807800BFD268 /* LessonLocationLabel.swift */ = {isa = PBXFileReference; lastKnownFileType = sourcecode.swift; path = LessonLocationLabel.swift; sourceTree = "<group>"; };
		3A5F57A62230835500BFD268 /* LessonType.swift */ = {isa = PBXFileReference; lastKnownFileType = sourcecode.swift; path = LessonType.swift; sourceTree = "<group>"; };
		3A6FBAA22246C8D30051B69C /* MainTabBarVC.swift */ = {isa = PBXFileReference; lastKnownFileType = sourcecode.swift; path = MainTabBarVC.swift; sourceTree = "<group>"; };
		3A747960224373B9007366E2 /* GroupsSelectionTVC.swift */ = {isa = PBXFileReference; lastKnownFileType = sourcecode.swift; path = GroupsSelectionTVC.swift; sourceTree = "<group>"; };
		3AB74A452236B6E9005AA30D /* LessonVC.swift */ = {isa = PBXFileReference; lastKnownFileType = sourcecode.swift; path = LessonVC.swift; sourceTree = "<group>"; };
		3AB74A492236D9BB005AA30D /* LightStatusBarNavigationVC.swift */ = {isa = PBXFileReference; lastKnownFileType = sourcecode.swift; path = LightStatusBarNavigationVC.swift; sourceTree = "<group>"; };
		3AB74A4B2236F16F005AA30D /* GradientTitleBgNavigationVC.swift */ = {isa = PBXFileReference; lastKnownFileType = sourcecode.swift; path = GradientTitleBgNavigationVC.swift; sourceTree = "<group>"; };
		3AB74A4D22370166005AA30D /* Notification+Extensions.swift */ = {isa = PBXFileReference; lastKnownFileType = sourcecode.swift; path = "Notification+Extensions.swift"; sourceTree = "<group>"; };
		3ABB3DD32244D219000B9685 /* LabeledCodable.swift */ = {isa = PBXFileReference; lastKnownFileType = sourcecode.swift; path = LabeledCodable.swift; sourceTree = "<group>"; };
		3ABB3DD92244F302000B9685 /* Reachability.swift */ = {isa = PBXFileReference; lastKnownFileType = sourcecode.swift; path = Reachability.swift; sourceTree = "<group>"; };
		3AC6EBD0222FC94800A387CC /* Schedule.swift */ = {isa = PBXFileReference; lastKnownFileType = sourcecode.swift; path = Schedule.swift; sourceTree = "<group>"; };
		3AC6EBD5222FD9D000A387CC /* Week.swift */ = {isa = PBXFileReference; lastKnownFileType = sourcecode.swift; path = Week.swift; sourceTree = "<group>"; };
		3AC6EBD8222FD9EE00A387CC /* Day.swift */ = {isa = PBXFileReference; lastKnownFileType = sourcecode.swift; path = Day.swift; sourceTree = "<group>"; };
		3AC6EBDB222FD9FF00A387CC /* Lesson.swift */ = {isa = PBXFileReference; lastKnownFileType = sourcecode.swift; path = Lesson.swift; sourceTree = "<group>"; };
		3AC6EBDE222FDA1000A387CC /* Teacher.swift */ = {isa = PBXFileReference; lastKnownFileType = sourcecode.swift; path = Teacher.swift; sourceTree = "<group>"; };
		3AC6EBE1222FDA2700A387CC /* Room.swift */ = {isa = PBXFileReference; lastKnownFileType = sourcecode.swift; path = Room.swift; sourceTree = "<group>"; };
		3AC6EBE4222FDC5A00A387CC /* ArrayDataResponse.swift */ = {isa = PBXFileReference; lastKnownFileType = sourcecode.swift; path = ArrayDataResponse.swift; sourceTree = "<group>"; };
		3AC6EBE7222FDC9900A387CC /* SingleDataResponse.swift */ = {isa = PBXFileReference; lastKnownFileType = sourcecode.swift; path = SingleDataResponse.swift; sourceTree = "<group>"; };
		3AC6EBEA222FEAAC00A387CC /* NetworkingApiFacade.swift */ = {isa = PBXFileReference; lastKnownFileType = sourcecode.swift; path = NetworkingApiFacade.swift; sourceTree = "<group>"; };
		3AC6EBED222FF1ED00A387CC /* NetworkingAPIFacadeTests.swift */ = {isa = PBXFileReference; lastKnownFileType = sourcecode.swift; path = NetworkingAPIFacadeTests.swift; sourceTree = "<group>"; };
		3ACDD5E3223104DD00A0DE04 /* CGRect+Extensions.swift */ = {isa = PBXFileReference; lastKnownFileType = sourcecode.swift; path = "CGRect+Extensions.swift"; sourceTree = "<group>"; };
		3ACDD5E52231288800A0DE04 /* Math.swift */ = {isa = PBXFileReference; lastKnownFileType = sourcecode.swift; path = Math.swift; sourceTree = "<group>"; };
		3ADC4B5E2244498A00E9F851 /* ScheduleTutorialVC.swift */ = {isa = PBXFileReference; lastKnownFileType = sourcecode.swift; path = ScheduleTutorialVC.swift; sourceTree = "<group>"; };
		3ADC4B6022444C0D00E9F851 /* TutorialPageVC.swift */ = {isa = PBXFileReference; lastKnownFileType = sourcecode.swift; path = TutorialPageVC.swift; sourceTree = "<group>"; };
		3AE8536622328CB600B40971 /* TeachersVC.swift */ = {isa = PBXFileReference; lastKnownFileType = sourcecode.swift; path = TeachersVC.swift; sourceTree = "<group>"; };
		3AF967D322318AB900761ACD /* DayOfWeek.swift */ = {isa = PBXFileReference; lastKnownFileType = sourcecode.swift; path = DayOfWeek.swift; sourceTree = "<group>"; };
		3AF967D522318AF900761ACD /* ScheduleWeek.swift */ = {isa = PBXFileReference; lastKnownFileType = sourcecode.swift; path = ScheduleWeek.swift; sourceTree = "<group>"; };
		3AF967DA2231A32B00761ACD /* Date+Extensions.swift */ = {isa = PBXFileReference; lastKnownFileType = sourcecode.swift; path = "Date+Extensions.swift"; sourceTree = "<group>"; };
		3AF967DD2231A47F00761ACD /* DayOfWeekTests.swift */ = {isa = PBXFileReference; lastKnownFileType = sourcecode.swift; path = DayOfWeekTests.swift; sourceTree = "<group>"; };
		4FEA0284DCA431BB22CF78F8 /* Pods-KPI Schedule Tests.release.xcconfig */ = {isa = PBXFileReference; includeInIndex = 1; lastKnownFileType = text.xcconfig; name = "Pods-KPI Schedule Tests.release.xcconfig"; path = "Target Support Files/Pods-KPI Schedule Tests/Pods-KPI Schedule Tests.release.xcconfig"; sourceTree = "<group>"; };
		5006AA82FF4B5757194BA50D /* Pods-KPI Schedule Tests.debug.xcconfig */ = {isa = PBXFileReference; includeInIndex = 1; lastKnownFileType = text.xcconfig; name = "Pods-KPI Schedule Tests.debug.xcconfig"; path = "Target Support Files/Pods-KPI Schedule Tests/Pods-KPI Schedule Tests.debug.xcconfig"; sourceTree = "<group>"; };
		5DF3727B1C3918B35F1054AB /* Pods_KPI_Schedule.framework */ = {isa = PBXFileReference; explicitFileType = wrapper.framework; includeInIndex = 0; path = Pods_KPI_Schedule.framework; sourceTree = BUILT_PRODUCTS_DIR; };
		8B0049582D14C7D340D7D394 /* Pods-KPI Schedule.release.xcconfig */ = {isa = PBXFileReference; includeInIndex = 1; lastKnownFileType = text.xcconfig; name = "Pods-KPI Schedule.release.xcconfig"; path = "Target Support Files/Pods-KPI Schedule/Pods-KPI Schedule.release.xcconfig"; sourceTree = "<group>"; };
		DAEF86A691B76155A08E4CF9 /* Pods_KPI_Schedule_Tests.framework */ = {isa = PBXFileReference; explicitFileType = wrapper.framework; includeInIndex = 0; path = Pods_KPI_Schedule_Tests.framework; sourceTree = BUILT_PRODUCTS_DIR; };
		F5DCB9E02DCBE2839D58D619 /* Pods-KPI Schedule.debug.xcconfig */ = {isa = PBXFileReference; includeInIndex = 1; lastKnownFileType = text.xcconfig; name = "Pods-KPI Schedule.debug.xcconfig"; path = "Target Support Files/Pods-KPI Schedule/Pods-KPI Schedule.debug.xcconfig"; sourceTree = "<group>"; };
/* End PBXFileReference section */

/* Begin PBXFrameworksBuildPhase section */
		3A482855222F2AA30093E949 /* Frameworks */ = {
			isa = PBXFrameworksBuildPhase;
			buildActionMask = 2147483647;
			files = (
				5BD76FD0968E6F1354D1409B /* Pods_KPI_Schedule.framework in Frameworks */,
			);
			runOnlyForDeploymentPostprocessing = 0;
		};
		3A48288A222F58C60093E949 /* Frameworks */ = {
			isa = PBXFrameworksBuildPhase;
			buildActionMask = 2147483647;
			files = (
				0B327F779062FC13F204BD66 /* Pods_KPI_Schedule_Tests.framework in Frameworks */,
			);
			runOnlyForDeploymentPostprocessing = 0;
		};
/* End PBXFrameworksBuildPhase section */

/* Begin PBXGroup section */
		3A3F0F072236963100BFA1CC /* Schedule */ = {
			isa = PBXGroup;
			children = (
				3A5F5795223067B000BFD268 /* ScheduleVC.swift */,
				3A747960224373B9007366E2 /* GroupsSelectionTVC.swift */,
				3A5F57972230684000BFD268 /* SchedulePagerVC.swift */,
				3A5F579B22306DC700BFD268 /* ScheduleDayVC.swift */,
				3A5F57A022307A5800BFD268 /* LessonCell.swift */,
				3AB74A452236B6E9005AA30D /* LessonVC.swift */,
				3A18DDA8223BA84B00E9844A /* LessonTeachersDataSource.swift */,
				3A18DDAA223BA85900E9844A /* LessonLocationsDataSource.swift */,
				3A18DDAC223BABA800E9844A /* LocationCell.swift */,
			);
			path = Schedule;
			sourceTree = "<group>";
		};
		3A3F0F082236963B00BFA1CC /* Teachers */ = {
			isa = PBXGroup;
			children = (
				3AE8536622328CB600B40971 /* TeachersVC.swift */,
			);
			path = Teachers;
			sourceTree = "<group>";
		};
		3A3F0F0B2236997200BFA1CC /* Settings */ = {
			isa = PBXGroup;
			children = (
				3A3F0F092236996E00BFA1CC /* SettingsVC.swift */,
			);
			path = Settings;
			sourceTree = "<group>";
		};
		3A48284F222F2AA30093E949 = {
			isa = PBXGroup;
			children = (
				3A48285A222F2AA30093E949 /* KPI Schedule */,
				3A48288E222F58C60093E949 /* KPI Schedule Tests */,
				3A482859222F2AA30093E949 /* Products */,
				5921B5ED68E66D0D50D80BBC /* Pods */,
				C7721768480715520EB5E9DB /* Frameworks */,
			);
			sourceTree = "<group>";
		};
		3A482859222F2AA30093E949 /* Products */ = {
			isa = PBXGroup;
			children = (
				3A482858222F2AA30093E949 /* KPI Schedule.app */,
				3A48288D222F58C60093E949 /* KPI Schedule Tests.xctest */,
			);
			name = Products;
			sourceTree = "<group>";
		};
		3A48285A222F2AA30093E949 /* KPI Schedule */ = {
			isa = PBXGroup;
			children = (
				3A0D7E992247CD7A0089F97A /* KPI Schedule.entitlements */,
				3A48285B222F2AA30093E949 /* AppDelegate.swift */,
				3ACDD5E72231288E00A0DE04 /* Utils */,
				3ACDD5E2223104CC00A0DE04 /* Extensions */,
				3A5F578C2230501D00BFD268 /* View */,
				3A482870222F2C770093E949 /* Models */,
				3A48286D222F2AE50093E949 /* Networking */,
				3A5F5792223060C900BFD268 /* Storage */,
				3A5F578722303FE600BFD268 /* Screens */,
				3A48285F222F2AA30093E949 /* Main.storyboard */,
				3A482862222F2AA50093E949 /* Assets.xcassets */,
				3A482864222F2AA50093E949 /* LaunchScreen.storyboard */,
				3A482867222F2AA50093E949 /* Info.plist */,
				3A13390322456EA800A03271 /* Localizable.strings */,
				3A1338FF22456AB600A03271 /* Localization.swift */,
			);
			path = "KPI Schedule";
			sourceTree = "<group>";
		};
		3A48286D222F2AE50093E949 /* Networking */ = {
			isa = PBXGroup;
			children = (
				3A48286E222F2B360093E949 /* NetworkingApi.swift */,
				3AC6EBEA222FEAAC00A387CC /* NetworkingApiFacade.swift */,
				3A2E6B04223179B1004623F1 /* NetworkingApiError.swift */,
			);
			path = Networking;
			sourceTree = "<group>";
		};
		3A482870222F2C770093E949 /* Models */ = {
			isa = PBXGroup;
			children = (
				3AC6EBD4222FD9B600A387CC /* Plain */,
				3AC6EBD3222FD9A200A387CC /* API */,
			);
			path = Models;
			sourceTree = "<group>";
		};
		3A482875222F42690093E949 /* Groups */ = {
			isa = PBXGroup;
			children = (
				3A482879222F42B90093E949 /* GroupsResponseMeta.swift */,
				3A482877222F42900093E949 /* GroupInfo.swift */,
				3A48287D222F42EE0093E949 /* GroupOKR.swift */,
				3A48287B222F42D70093E949 /* GroupType.swift */,
			);
			path = Groups;
			sourceTree = "<group>";
		};
		3A482876222F42720093E949 /* Lessons */ = {
			isa = PBXGroup;
			children = (
				3A482887222F577C0093E949 /* LessonInfo.swift */,
				3A482881222F57360093E949 /* RoomInfo.swift */,
			);
			path = Lessons;
			sourceTree = "<group>";
		};
		3A48288E222F58C60093E949 /* KPI Schedule Tests */ = {
			isa = PBXGroup;
			children = (
				3A48288F222F58C60093E949 /* NetworkingApiTests.swift */,
				3AC6EBED222FF1ED00A387CC /* NetworkingAPIFacadeTests.swift */,
				3AF967DD2231A47F00761ACD /* DayOfWeekTests.swift */,
				3A482891222F58C60093E949 /* Info.plist */,
			);
			path = "KPI Schedule Tests";
			sourceTree = "<group>";
		};
		3A4828A3222F63D10093E949 /* Teachers */ = {
			isa = PBXGroup;
			children = (
				3A48287F222F571F0093E949 /* TeacherInfo.swift */,
			);
			path = Teachers;
			sourceTree = "<group>";
		};
		3A4828A8222F651A0093E949 /* Timetable */ = {
			isa = PBXGroup;
			children = (
				3A4828AB222F65940093E949 /* TimetableInfo.swift */,
				3A4828AD222F65C60093E949 /* WeeksInfo.swift */,
				3A4828B2222F67AF0093E949 /* WeekInfo.swift */,
				3A4828B4222F67F20093E949 /* DaysInfo.swift */,
				3A4828B6222F68EB0093E949 /* DayInfo.swift */,
			);
			path = Timetable;
			sourceTree = "<group>";
		};
		3A5F578722303FE600BFD268 /* Screens */ = {
			isa = PBXGroup;
			children = (
				3A5F57882230400E00BFD268 /* SplashScreenVC.swift */,
				3A5F578D223053EC00BFD268 /* ChooseGroupVC.swift */,
				3AB74A492236D9BB005AA30D /* LightStatusBarNavigationVC.swift */,
				3AB74A4B2236F16F005AA30D /* GradientTitleBgNavigationVC.swift */,
				3A3F0F072236963100BFA1CC /* Schedule */,
				3A3F0F082236963B00BFA1CC /* Teachers */,
				3A3F0F0B2236997200BFA1CC /* Settings */,
				3ADC4B5E2244498A00E9F851 /* ScheduleTutorialVC.swift */,
				3ADC4B6022444C0D00E9F851 /* TutorialPageVC.swift */,
			);
			path = Screens;
			sourceTree = "<group>";
		};
		3A5F578C2230501D00BFD268 /* View */ = {
			isa = PBXGroup;
			children = (
				3A5F578A2230501500BFD268 /* RoundedButton.swift */,
				3A5F57A222307E9A00BFD268 /* PaddingLabel.swift */,
				3A5F579922306AF300BFD268 /* LessonTypeLabel.swift */,
				3A5F57A42230807800BFD268 /* LessonLocationLabel.swift */,
				3A6FBAA22246C8D30051B69C /* MainTabBarVC.swift */,
			);
			path = View;
			sourceTree = "<group>";
		};
		3A5F5792223060C900BFD268 /* Storage */ = {
			isa = PBXGroup;
			children = (
				3A5F5793223060DA00BFD268 /* Preferences.swift */,
				3ABB3DD32244D219000B9685 /* LabeledCodable.swift */,
			);
			path = Storage;
			sourceTree = "<group>";
		};
		3AC6EBD3222FD9A200A387CC /* API */ = {
			isa = PBXGroup;
			children = (
				3AC6EBE4222FDC5A00A387CC /* ArrayDataResponse.swift */,
				3AC6EBE7222FDC9900A387CC /* SingleDataResponse.swift */,
				3A482875222F42690093E949 /* Groups */,
				3A4828A3222F63D10093E949 /* Teachers */,
				3A4828A8222F651A0093E949 /* Timetable */,
				3A482876222F42720093E949 /* Lessons */,
			);
			path = API;
			sourceTree = "<group>";
		};
		3AC6EBD4222FD9B600A387CC /* Plain */ = {
			isa = PBXGroup;
			children = (
				3AC6EBD0222FC94800A387CC /* Schedule.swift */,
				3AF967D522318AF900761ACD /* ScheduleWeek.swift */,
				3AC6EBD5222FD9D000A387CC /* Week.swift */,
				3AC6EBD8222FD9EE00A387CC /* Day.swift */,
				3AF967D322318AB900761ACD /* DayOfWeek.swift */,
				3AC6EBDB222FD9FF00A387CC /* Lesson.swift */,
				3A5F57A62230835500BFD268 /* LessonType.swift */,
				3AC6EBDE222FDA1000A387CC /* Teacher.swift */,
				3AC6EBE1222FDA2700A387CC /* Room.swift */,
			);
			path = Plain;
			sourceTree = "<group>";
		};
		3ACDD5E2223104CC00A0DE04 /* Extensions */ = {
			isa = PBXGroup;
			children = (
				3ACDD5E3223104DD00A0DE04 /* CGRect+Extensions.swift */,
				3AF967DA2231A32B00761ACD /* Date+Extensions.swift */,
				3AB74A4D22370166005AA30D /* Notification+Extensions.swift */,
				3A4CDE792243CD1D0084268A /* UIColor+Extensions.swift */,
				3A1339092245A0C500A03271 /* UIImage+Extensions.swift */,
			);
			path = Extensions;
			sourceTree = "<group>";
		};
		3ACDD5E72231288E00A0DE04 /* Utils */ = {
			isa = PBXGroup;
			children = (
				3ACDD5E52231288800A0DE04 /* Math.swift */,
				3ABB3DD92244F302000B9685 /* Reachability.swift */,
			);
			path = Utils;
			sourceTree = "<group>";
		};
		5921B5ED68E66D0D50D80BBC /* Pods */ = {
			isa = PBXGroup;
			children = (
				F5DCB9E02DCBE2839D58D619 /* Pods-KPI Schedule.debug.xcconfig */,
				8B0049582D14C7D340D7D394 /* Pods-KPI Schedule.release.xcconfig */,
				5006AA82FF4B5757194BA50D /* Pods-KPI Schedule Tests.debug.xcconfig */,
				4FEA0284DCA431BB22CF78F8 /* Pods-KPI Schedule Tests.release.xcconfig */,
			);
			path = Pods;
			sourceTree = "<group>";
		};
		C7721768480715520EB5E9DB /* Frameworks */ = {
			isa = PBXGroup;
			children = (
				5DF3727B1C3918B35F1054AB /* Pods_KPI_Schedule.framework */,
				DAEF86A691B76155A08E4CF9 /* Pods_KPI_Schedule_Tests.framework */,
			);
			name = Frameworks;
			sourceTree = "<group>";
		};
/* End PBXGroup section */

/* Begin PBXNativeTarget section */
		3A482857222F2AA30093E949 /* KPI Schedule */ = {
			isa = PBXNativeTarget;
			buildConfigurationList = 3A48286A222F2AA50093E949 /* Build configuration list for PBXNativeTarget "KPI Schedule" */;
			buildPhases = (
				F99683F895EC0DBF6CFBFC0B /* [CP] Check Pods Manifest.lock */,
				3A482854222F2AA30093E949 /* Sources */,
				3A482855222F2AA30093E949 /* Frameworks */,
				3A482856222F2AA30093E949 /* Resources */,
				485E12F622A05087B65D7CB0 /* [CP] Embed Pods Frameworks */,
			);
			buildRules = (
			);
			dependencies = (
			);
			name = "KPI Schedule";
			productName = "KPI Schedule";
			productReference = 3A482858222F2AA30093E949 /* KPI Schedule.app */;
			productType = "com.apple.product-type.application";
		};
		3A48288C222F58C60093E949 /* KPI Schedule Tests */ = {
			isa = PBXNativeTarget;
			buildConfigurationList = 3A482894222F58C60093E949 /* Build configuration list for PBXNativeTarget "KPI Schedule Tests" */;
			buildPhases = (
				901BD237A7BA638993B06330 /* [CP] Check Pods Manifest.lock */,
				3A482889222F58C60093E949 /* Sources */,
				3A48288A222F58C60093E949 /* Frameworks */,
				3A48288B222F58C60093E949 /* Resources */,
				180EABAD6718054EBCAE4056 /* [CP] Embed Pods Frameworks */,
			);
			buildRules = (
			);
			dependencies = (
				3A482893222F58C60093E949 /* PBXTargetDependency */,
			);
			name = "KPI Schedule Tests";
			productName = "KPI Schedule Tests";
			productReference = 3A48288D222F58C60093E949 /* KPI Schedule Tests.xctest */;
			productType = "com.apple.product-type.bundle.unit-test";
		};
/* End PBXNativeTarget section */

/* Begin PBXProject section */
		3A482850222F2AA30093E949 /* Project object */ = {
			isa = PBXProject;
			attributes = {
				LastSwiftUpdateCheck = 1010;
				LastUpgradeCheck = 1010;
				ORGANIZATIONNAME = "Oleksandr Vikhliaiev";
				TargetAttributes = {
					3A482857222F2AA30093E949 = {
						CreatedOnToolsVersion = 10.1;
						SystemCapabilities = {
							com.apple.ApplicationGroups.iOS = {
								enabled = 0;
							};
						};
					};
					3A48288C222F58C60093E949 = {
						CreatedOnToolsVersion = 10.1;
						TestTargetID = 3A482857222F2AA30093E949;
					};
				};
			};
			buildConfigurationList = 3A482853222F2AA30093E949 /* Build configuration list for PBXProject "KPI Schedule" */;
			compatibilityVersion = "Xcode 9.3";
			developmentRegion = en;
			hasScannedForEncodings = 0;
			knownRegions = (
				en,
				Base,
				ru,
				uk,
			);
			mainGroup = 3A48284F222F2AA30093E949;
			productRefGroup = 3A482859222F2AA30093E949 /* Products */;
			projectDirPath = "";
			projectRoot = "";
			targets = (
				3A482857222F2AA30093E949 /* KPI Schedule */,
				3A48288C222F58C60093E949 /* KPI Schedule Tests */,
			);
		};
/* End PBXProject section */

/* Begin PBXResourcesBuildPhase section */
		3A482856222F2AA30093E949 /* Resources */ = {
			isa = PBXResourcesBuildPhase;
			buildActionMask = 2147483647;
			files = (
				3A1339072245733B00A03271 /* Localizable.strings in Resources */,
				3A482866222F2AA50093E949 /* LaunchScreen.storyboard in Resources */,
				3A482863222F2AA50093E949 /* Assets.xcassets in Resources */,
				3A482861222F2AA30093E949 /* Main.storyboard in Resources */,
			);
			runOnlyForDeploymentPostprocessing = 0;
		};
		3A48288B222F58C60093E949 /* Resources */ = {
			isa = PBXResourcesBuildPhase;
			buildActionMask = 2147483647;
			files = (
				3A1339062245718E00A03271 /* Localizable.strings in Resources */,
			);
			runOnlyForDeploymentPostprocessing = 0;
		};
/* End PBXResourcesBuildPhase section */

/* Begin PBXShellScriptBuildPhase section */
		180EABAD6718054EBCAE4056 /* [CP] Embed Pods Frameworks */ = {
			isa = PBXShellScriptBuildPhase;
			buildActionMask = 2147483647;
			files = (
			);
			inputFileListPaths = (
			);
			inputPaths = (
				"${PODS_ROOT}/Target Support Files/Pods-KPI Schedule Tests/Pods-KPI Schedule Tests-frameworks.sh",
				"${BUILT_PRODUCTS_DIR}/PromiseKit/PromiseKit.framework",
			);
			name = "[CP] Embed Pods Frameworks";
			outputFileListPaths = (
			);
			outputPaths = (
				"${TARGET_BUILD_DIR}/${FRAMEWORKS_FOLDER_PATH}/PromiseKit.framework",
			);
			runOnlyForDeploymentPostprocessing = 0;
			shellPath = /bin/sh;
			shellScript = "\"${PODS_ROOT}/Target Support Files/Pods-KPI Schedule Tests/Pods-KPI Schedule Tests-frameworks.sh\"\n";
			showEnvVarsInLog = 0;
		};
		485E12F622A05087B65D7CB0 /* [CP] Embed Pods Frameworks */ = {
			isa = PBXShellScriptBuildPhase;
			buildActionMask = 2147483647;
			files = (
			);
			inputFileListPaths = (
			);
			inputPaths = (
				"${PODS_ROOT}/Target Support Files/Pods-KPI Schedule/Pods-KPI Schedule-frameworks.sh",
				"${BUILT_PRODUCTS_DIR}/DZNEmptyDataSet/DZNEmptyDataSet.framework",
				"${BUILT_PRODUCTS_DIR}/Pageboy/Pageboy.framework",
				"${BUILT_PRODUCTS_DIR}/PromiseKit/PromiseKit.framework",
			);
			name = "[CP] Embed Pods Frameworks";
			outputFileListPaths = (
			);
			outputPaths = (
				"${TARGET_BUILD_DIR}/${FRAMEWORKS_FOLDER_PATH}/DZNEmptyDataSet.framework",
				"${TARGET_BUILD_DIR}/${FRAMEWORKS_FOLDER_PATH}/Pageboy.framework",
				"${TARGET_BUILD_DIR}/${FRAMEWORKS_FOLDER_PATH}/PromiseKit.framework",
			);
			runOnlyForDeploymentPostprocessing = 0;
			shellPath = /bin/sh;
			shellScript = "\"${PODS_ROOT}/Target Support Files/Pods-KPI Schedule/Pods-KPI Schedule-frameworks.sh\"\n";
			showEnvVarsInLog = 0;
		};
		901BD237A7BA638993B06330 /* [CP] Check Pods Manifest.lock */ = {
			isa = PBXShellScriptBuildPhase;
			buildActionMask = 2147483647;
			files = (
			);
			inputFileListPaths = (
			);
			inputPaths = (
				"${PODS_PODFILE_DIR_PATH}/Podfile.lock",
				"${PODS_ROOT}/Manifest.lock",
			);
			name = "[CP] Check Pods Manifest.lock";
			outputFileListPaths = (
			);
			outputPaths = (
				"$(DERIVED_FILE_DIR)/Pods-KPI Schedule Tests-checkManifestLockResult.txt",
			);
			runOnlyForDeploymentPostprocessing = 0;
			shellPath = /bin/sh;
			shellScript = "diff \"${PODS_PODFILE_DIR_PATH}/Podfile.lock\" \"${PODS_ROOT}/Manifest.lock\" > /dev/null\nif [ $? != 0 ] ; then\n    # print error to STDERR\n    echo \"error: The sandbox is not in sync with the Podfile.lock. Run 'pod install' or update your CocoaPods installation.\" >&2\n    exit 1\nfi\n# This output is used by Xcode 'outputs' to avoid re-running this script phase.\necho \"SUCCESS\" > \"${SCRIPT_OUTPUT_FILE_0}\"\n";
			showEnvVarsInLog = 0;
		};
		F99683F895EC0DBF6CFBFC0B /* [CP] Check Pods Manifest.lock */ = {
			isa = PBXShellScriptBuildPhase;
			buildActionMask = 2147483647;
			files = (
			);
			inputFileListPaths = (
			);
			inputPaths = (
				"${PODS_PODFILE_DIR_PATH}/Podfile.lock",
				"${PODS_ROOT}/Manifest.lock",
			);
			name = "[CP] Check Pods Manifest.lock";
			outputFileListPaths = (
			);
			outputPaths = (
				"$(DERIVED_FILE_DIR)/Pods-KPI Schedule-checkManifestLockResult.txt",
			);
			runOnlyForDeploymentPostprocessing = 0;
			shellPath = /bin/sh;
			shellScript = "diff \"${PODS_PODFILE_DIR_PATH}/Podfile.lock\" \"${PODS_ROOT}/Manifest.lock\" > /dev/null\nif [ $? != 0 ] ; then\n    # print error to STDERR\n    echo \"error: The sandbox is not in sync with the Podfile.lock. Run 'pod install' or update your CocoaPods installation.\" >&2\n    exit 1\nfi\n# This output is used by Xcode 'outputs' to avoid re-running this script phase.\necho \"SUCCESS\" > \"${SCRIPT_OUTPUT_FILE_0}\"\n";
			showEnvVarsInLog = 0;
		};
/* End PBXShellScriptBuildPhase section */

/* Begin PBXSourcesBuildPhase section */
		3A482854222F2AA30093E949 /* Sources */ = {
			isa = PBXSourcesBuildPhase;
			buildActionMask = 2147483647;
			files = (
				3A5F57A322307E9A00BFD268 /* PaddingLabel.swift in Sources */,
				3AC6EBD9222FD9EE00A387CC /* Day.swift in Sources */,
				3AB74A4E22370166005AA30D /* Notification+Extensions.swift in Sources */,
				3A4CDE7A2243CD1D0084268A /* UIColor+Extensions.swift in Sources */,
				3AC6EBD6222FD9D000A387CC /* Week.swift in Sources */,
				3AC6EBDF222FDA1000A387CC /* Teacher.swift in Sources */,
				3AC6EBD1222FC94800A387CC /* Schedule.swift in Sources */,
				3A5F5796223067B000BFD268 /* ScheduleVC.swift in Sources */,
				3A5F579A22306AF300BFD268 /* LessonTypeLabel.swift in Sources */,
				3A3F0F0A2236996E00BFA1CC /* SettingsVC.swift in Sources */,
				3A5F578E223053EC00BFD268 /* ChooseGroupVC.swift in Sources */,
				3A482882222F57360093E949 /* RoomInfo.swift in Sources */,
				3ABB3DD42244D219000B9685 /* LabeledCodable.swift in Sources */,
				3A5F57A122307A5800BFD268 /* LessonCell.swift in Sources */,
				3AC6EBEB222FEAAC00A387CC /* NetworkingApiFacade.swift in Sources */,
				3ADC4B5F2244498A00E9F851 /* ScheduleTutorialVC.swift in Sources */,
				3A4828B3222F67AF0093E949 /* WeekInfo.swift in Sources */,
				3A5F57A52230807800BFD268 /* LessonLocationLabel.swift in Sources */,
				3AB74A4C2236F16F005AA30D /* GradientTitleBgNavigationVC.swift in Sources */,
				3ACDD5E62231288800A0DE04 /* Math.swift in Sources */,
				3A5F57982230684000BFD268 /* SchedulePagerVC.swift in Sources */,
				3A48287C222F42D70093E949 /* GroupType.swift in Sources */,
				3A4828B5222F67F20093E949 /* DaysInfo.swift in Sources */,
				3AC6EBDC222FD9FF00A387CC /* Lesson.swift in Sources */,
				3ADC4B6122444C0D00E9F851 /* TutorialPageVC.swift in Sources */,
				3A4828AE222F65C60093E949 /* WeeksInfo.swift in Sources */,
				3A48287E222F42EE0093E949 /* GroupOKR.swift in Sources */,
				3AB74A4A2236D9BB005AA30D /* LightStatusBarNavigationVC.swift in Sources */,
				3A6FBAA32246C8D30051B69C /* MainTabBarVC.swift in Sources */,
				3A5F578B2230501500BFD268 /* RoundedButton.swift in Sources */,
				3AF967D422318AB900761ACD /* DayOfWeek.swift in Sources */,
				3AC6EBE5222FDC5A00A387CC /* ArrayDataResponse.swift in Sources */,
				3A4828AC222F65940093E949 /* TimetableInfo.swift in Sources */,
				3A48286F222F2B360093E949 /* NetworkingApi.swift in Sources */,
				3A482880222F571F0093E949 /* TeacherInfo.swift in Sources */,
				3ACDD5E4223104DD00A0DE04 /* CGRect+Extensions.swift in Sources */,
				3AF967DB2231A32B00761ACD /* Date+Extensions.swift in Sources */,
				3ABB3DDA2244F302000B9685 /* Reachability.swift in Sources */,
				3A5F57892230400E00BFD268 /* SplashScreenVC.swift in Sources */,
				3A13390022456AB600A03271 /* Localization.swift in Sources */,
				3A48285C222F2AA30093E949 /* AppDelegate.swift in Sources */,
				3AE8536722328CB600B40971 /* TeachersVC.swift in Sources */,
				3A4828B7222F68EB0093E949 /* DayInfo.swift in Sources */,
				3A747961224373B9007366E2 /* GroupsSelectionTVC.swift in Sources */,
				3A5F5794223060DA00BFD268 /* Preferences.swift in Sources */,
				3A2E6B05223179B1004623F1 /* NetworkingApiError.swift in Sources */,
				3A18DDAB223BA85900E9844A /* LessonLocationsDataSource.swift in Sources */,
				3A482888222F577C0093E949 /* LessonInfo.swift in Sources */,
				3A18DDA9223BA84B00E9844A /* LessonTeachersDataSource.swift in Sources */,
				3AC6EBE8222FDC9900A387CC /* SingleDataResponse.swift in Sources */,
				3A5F57A72230835500BFD268 /* LessonType.swift in Sources */,
				3AC6EBE2222FDA2700A387CC /* Room.swift in Sources */,
				3A482878222F42900093E949 /* GroupInfo.swift in Sources */,
				3A5F579C22306DC700BFD268 /* ScheduleDayVC.swift in Sources */,
				3A18DDAD223BABA800E9844A /* LocationCell.swift in Sources */,
				3AF967D622318AF900761ACD /* ScheduleWeek.swift in Sources */,
				3AB74A462236B6E9005AA30D /* LessonVC.swift in Sources */,
				3A48287A222F42B90093E949 /* GroupsResponseMeta.swift in Sources */,
				3A13390A2245A0C500A03271 /* UIImage+Extensions.swift in Sources */,
			);
			runOnlyForDeploymentPostprocessing = 0;
		};
		3A482889222F58C60093E949 /* Sources */ = {
			isa = PBXSourcesBuildPhase;
			buildActionMask = 2147483647;
			files = (
				3A4828A7222F64890093E949 /* TeacherInfo.swift in Sources */,
				3A2E6B0622317ABA004623F1 /* NetworkingApiError.swift in Sources */,
				3AF967D722318AFE00761ACD /* ScheduleWeek.swift in Sources */,
				3ABB3DD12244CD16000B9685 /* Preferences.swift in Sources */,
				3A4828B1222F66760093E949 /* WeeksInfo.swift in Sources */,
				3AC6EBDD222FD9FF00A387CC /* Lesson.swift in Sources */,
				3ABB3DDB2244F335000B9685 /* Reachability.swift in Sources */,
				3AF967D822318B0800761ACD /* LessonType.swift in Sources */,
				3A482897222F59930093E949 /* NetworkingApi.swift in Sources */,
				3ABB3DD22244CFB4000B9685 /* AppDelegate.swift in Sources */,
				3AC6EBE3222FDA2700A387CC /* Room.swift in Sources */,
				3AC6EBEE222FF1ED00A387CC /* NetworkingAPIFacadeTests.swift in Sources */,
				3A48289C222F5A880093E949 /* GroupType.swift in Sources */,
				3ABB3DD52244D258000B9685 /* LabeledCodable.swift in Sources */,
				3A4828B9222F69580093E949 /* DaysInfo.swift in Sources */,
				3A4828B0222F66730093E949 /* TimetableInfo.swift in Sources */,
				3A1339082245749200A03271 /* Localization.swift in Sources */,
				3AC6EBDA222FD9EE00A387CC /* Day.swift in Sources */,
				3AF967DE2231A47F00761ACD /* DayOfWeekTests.swift in Sources */,
				3A482899222F5A7F0093E949 /* GroupsResponseMeta.swift in Sources */,
				3AC6EBE6222FDC5A00A387CC /* ArrayDataResponse.swift in Sources */,
				3A48289B222F5A850093E949 /* GroupOKR.swift in Sources */,
				3AC6EBD2222FC94800A387CC /* Schedule.swift in Sources */,
				3AF967D922318B0D00761ACD /* DayOfWeek.swift in Sources */,
				3AC6EBE0222FDA1000A387CC /* Teacher.swift in Sources */,
				3AC6EBEC222FEAAC00A387CC /* NetworkingApiFacade.swift in Sources */,
				3A4828B8222F69560093E949 /* DayInfo.swift in Sources */,
				3A48289A222F5A820093E949 /* GroupInfo.swift in Sources */,
				3A482890222F58C60093E949 /* NetworkingApiTests.swift in Sources */,
				3A4828BA222F695B0093E949 /* WeekInfo.swift in Sources */,
				3AF967DC2231A43B00761ACD /* Date+Extensions.swift in Sources */,
				3A4828A2222F5A980093E949 /* RoomInfo.swift in Sources */,
				3A48289E222F5A8E0093E949 /* LessonInfo.swift in Sources */,
				3AC6EBE9222FDC9900A387CC /* SingleDataResponse.swift in Sources */,
				3AC6EBD7222FD9D000A387CC /* Week.swift in Sources */,
			);
			runOnlyForDeploymentPostprocessing = 0;
		};
/* End PBXSourcesBuildPhase section */

/* Begin PBXTargetDependency section */
		3A482893222F58C60093E949 /* PBXTargetDependency */ = {
			isa = PBXTargetDependency;
			target = 3A482857222F2AA30093E949 /* KPI Schedule */;
			targetProxy = 3A482892222F58C60093E949 /* PBXContainerItemProxy */;
		};
/* End PBXTargetDependency section */

/* Begin PBXVariantGroup section */
		3A13390322456EA800A03271 /* Localizable.strings */ = {
			isa = PBXVariantGroup;
			children = (
				3A13390222456EA800A03271 /* en */,
				3A13390422456EEE00A03271 /* ru */,
				3A13390522456EF700A03271 /* uk */,
			);
			name = Localizable.strings;
			sourceTree = "<group>";
		};
		3A48285F222F2AA30093E949 /* Main.storyboard */ = {
			isa = PBXVariantGroup;
			children = (
				3A482860222F2AA30093E949 /* Base */,
			);
			name = Main.storyboard;
			sourceTree = "<group>";
		};
		3A482864222F2AA50093E949 /* LaunchScreen.storyboard */ = {
			isa = PBXVariantGroup;
			children = (
				3A482865222F2AA50093E949 /* Base */,
			);
			name = LaunchScreen.storyboard;
			sourceTree = "<group>";
		};
/* End PBXVariantGroup section */

/* Begin XCBuildConfiguration section */
		3A482868222F2AA50093E949 /* Debug */ = {
			isa = XCBuildConfiguration;
			buildSettings = {
				ALWAYS_SEARCH_USER_PATHS = NO;
				CLANG_ANALYZER_LOCALIZABILITY_NONLOCALIZED = YES;
				CLANG_ANALYZER_NONNULL = YES;
				CLANG_ANALYZER_NUMBER_OBJECT_CONVERSION = YES_AGGRESSIVE;
				CLANG_CXX_LANGUAGE_STANDARD = "gnu++14";
				CLANG_CXX_LIBRARY = "libc++";
				CLANG_ENABLE_MODULES = YES;
				CLANG_ENABLE_OBJC_ARC = YES;
				CLANG_ENABLE_OBJC_WEAK = YES;
				CLANG_WARN_BLOCK_CAPTURE_AUTORELEASING = YES;
				CLANG_WARN_BOOL_CONVERSION = YES;
				CLANG_WARN_COMMA = YES;
				CLANG_WARN_CONSTANT_CONVERSION = YES;
				CLANG_WARN_DEPRECATED_OBJC_IMPLEMENTATIONS = YES;
				CLANG_WARN_DIRECT_OBJC_ISA_USAGE = YES_ERROR;
				CLANG_WARN_DOCUMENTATION_COMMENTS = YES;
				CLANG_WARN_EMPTY_BODY = YES;
				CLANG_WARN_ENUM_CONVERSION = YES;
				CLANG_WARN_INFINITE_RECURSION = YES;
				CLANG_WARN_INT_CONVERSION = YES;
				CLANG_WARN_NON_LITERAL_NULL_CONVERSION = YES;
				CLANG_WARN_OBJC_IMPLICIT_RETAIN_SELF = YES;
				CLANG_WARN_OBJC_LITERAL_CONVERSION = YES;
				CLANG_WARN_OBJC_ROOT_CLASS = YES_ERROR;
				CLANG_WARN_RANGE_LOOP_ANALYSIS = YES;
				CLANG_WARN_STRICT_PROTOTYPES = YES;
				CLANG_WARN_SUSPICIOUS_MOVE = YES;
				CLANG_WARN_UNGUARDED_AVAILABILITY = YES_AGGRESSIVE;
				CLANG_WARN_UNREACHABLE_CODE = YES;
				CLANG_WARN__DUPLICATE_METHOD_MATCH = YES;
				CODE_SIGN_IDENTITY = "iPhone Developer";
				COPY_PHASE_STRIP = NO;
				DEBUG_INFORMATION_FORMAT = dwarf;
				ENABLE_STRICT_OBJC_MSGSEND = YES;
				ENABLE_TESTABILITY = YES;
				GCC_C_LANGUAGE_STANDARD = gnu11;
				GCC_DYNAMIC_NO_PIC = NO;
				GCC_NO_COMMON_BLOCKS = YES;
				GCC_OPTIMIZATION_LEVEL = 0;
				GCC_PREPROCESSOR_DEFINITIONS = (
					"DEBUG=1",
					"$(inherited)",
				);
				GCC_WARN_64_TO_32_BIT_CONVERSION = YES;
				GCC_WARN_ABOUT_RETURN_TYPE = YES_ERROR;
				GCC_WARN_UNDECLARED_SELECTOR = YES;
				GCC_WARN_UNINITIALIZED_AUTOS = YES_AGGRESSIVE;
				GCC_WARN_UNUSED_FUNCTION = YES;
				GCC_WARN_UNUSED_VARIABLE = YES;
				IPHONEOS_DEPLOYMENT_TARGET = 12.1;
				MTL_ENABLE_DEBUG_INFO = INCLUDE_SOURCE;
				MTL_FAST_MATH = YES;
				ONLY_ACTIVE_ARCH = YES;
				SDKROOT = iphoneos;
				SWIFT_ACTIVE_COMPILATION_CONDITIONS = DEBUG;
				SWIFT_OPTIMIZATION_LEVEL = "-Onone";
			};
			name = Debug;
		};
		3A482869222F2AA50093E949 /* Release */ = {
			isa = XCBuildConfiguration;
			buildSettings = {
				ALWAYS_SEARCH_USER_PATHS = NO;
				CLANG_ANALYZER_LOCALIZABILITY_NONLOCALIZED = YES;
				CLANG_ANALYZER_NONNULL = YES;
				CLANG_ANALYZER_NUMBER_OBJECT_CONVERSION = YES_AGGRESSIVE;
				CLANG_CXX_LANGUAGE_STANDARD = "gnu++14";
				CLANG_CXX_LIBRARY = "libc++";
				CLANG_ENABLE_MODULES = YES;
				CLANG_ENABLE_OBJC_ARC = YES;
				CLANG_ENABLE_OBJC_WEAK = YES;
				CLANG_WARN_BLOCK_CAPTURE_AUTORELEASING = YES;
				CLANG_WARN_BOOL_CONVERSION = YES;
				CLANG_WARN_COMMA = YES;
				CLANG_WARN_CONSTANT_CONVERSION = YES;
				CLANG_WARN_DEPRECATED_OBJC_IMPLEMENTATIONS = YES;
				CLANG_WARN_DIRECT_OBJC_ISA_USAGE = YES_ERROR;
				CLANG_WARN_DOCUMENTATION_COMMENTS = YES;
				CLANG_WARN_EMPTY_BODY = YES;
				CLANG_WARN_ENUM_CONVERSION = YES;
				CLANG_WARN_INFINITE_RECURSION = YES;
				CLANG_WARN_INT_CONVERSION = YES;
				CLANG_WARN_NON_LITERAL_NULL_CONVERSION = YES;
				CLANG_WARN_OBJC_IMPLICIT_RETAIN_SELF = YES;
				CLANG_WARN_OBJC_LITERAL_CONVERSION = YES;
				CLANG_WARN_OBJC_ROOT_CLASS = YES_ERROR;
				CLANG_WARN_RANGE_LOOP_ANALYSIS = YES;
				CLANG_WARN_STRICT_PROTOTYPES = YES;
				CLANG_WARN_SUSPICIOUS_MOVE = YES;
				CLANG_WARN_UNGUARDED_AVAILABILITY = YES_AGGRESSIVE;
				CLANG_WARN_UNREACHABLE_CODE = YES;
				CLANG_WARN__DUPLICATE_METHOD_MATCH = YES;
				CODE_SIGN_IDENTITY = "iPhone Developer";
				COPY_PHASE_STRIP = NO;
				DEBUG_INFORMATION_FORMAT = "dwarf-with-dsym";
				ENABLE_NS_ASSERTIONS = NO;
				ENABLE_STRICT_OBJC_MSGSEND = YES;
				GCC_C_LANGUAGE_STANDARD = gnu11;
				GCC_NO_COMMON_BLOCKS = YES;
				GCC_WARN_64_TO_32_BIT_CONVERSION = YES;
				GCC_WARN_ABOUT_RETURN_TYPE = YES_ERROR;
				GCC_WARN_UNDECLARED_SELECTOR = YES;
				GCC_WARN_UNINITIALIZED_AUTOS = YES_AGGRESSIVE;
				GCC_WARN_UNUSED_FUNCTION = YES;
				GCC_WARN_UNUSED_VARIABLE = YES;
				IPHONEOS_DEPLOYMENT_TARGET = 12.1;
				MTL_ENABLE_DEBUG_INFO = NO;
				MTL_FAST_MATH = YES;
				SDKROOT = iphoneos;
				SWIFT_COMPILATION_MODE = wholemodule;
				SWIFT_OPTIMIZATION_LEVEL = "-O";
				VALIDATE_PRODUCT = YES;
			};
			name = Release;
		};
		3A48286B222F2AA50093E949 /* Debug */ = {
			isa = XCBuildConfiguration;
			baseConfigurationReference = F5DCB9E02DCBE2839D58D619 /* Pods-KPI Schedule.debug.xcconfig */;
			buildSettings = {
				ASSETCATALOG_COMPILER_APPICON_NAME = AppIcon;
				CODE_SIGN_STYLE = Automatic;
				DEVELOPMENT_TEAM = 22U234HGU8;
				INFOPLIST_FILE = "KPI Schedule/Info.plist";
				IPHONEOS_DEPLOYMENT_TARGET = 9.0;
				LD_RUNPATH_SEARCH_PATHS = (
					"$(inherited)",
					"@executable_path/Frameworks",
				);
				PRODUCT_BUNDLE_IDENTIFIER = "com.vihlayew.kpi-schedule";
				PRODUCT_NAME = "$(TARGET_NAME)";
				SWIFT_VERSION = 4.2;
				TARGETED_DEVICE_FAMILY = 1;
			};
			name = Debug;
		};
		3A48286C222F2AA50093E949 /* Release */ = {
			isa = XCBuildConfiguration;
			baseConfigurationReference = 8B0049582D14C7D340D7D394 /* Pods-KPI Schedule.release.xcconfig */;
			buildSettings = {
				ASSETCATALOG_COMPILER_APPICON_NAME = AppIcon;
				CODE_SIGN_STYLE = Automatic;
				DEVELOPMENT_TEAM = 22U234HGU8;
				INFOPLIST_FILE = "KPI Schedule/Info.plist";
				IPHONEOS_DEPLOYMENT_TARGET = 9.0;
				LD_RUNPATH_SEARCH_PATHS = (
					"$(inherited)",
					"@executable_path/Frameworks",
				);
				PRODUCT_BUNDLE_IDENTIFIER = "com.vihlayew.kpi-schedule";
				PRODUCT_NAME = "$(TARGET_NAME)";
				SWIFT_VERSION = 4.2;
				TARGETED_DEVICE_FAMILY = 1;
			};
			name = Release;
		};
		3A482895222F58C60093E949 /* Debug */ = {
			isa = XCBuildConfiguration;
			baseConfigurationReference = 5006AA82FF4B5757194BA50D /* Pods-KPI Schedule Tests.debug.xcconfig */;
			buildSettings = {
				BUNDLE_LOADER = "$(TEST_HOST)";
				CODE_SIGN_STYLE = Automatic;
				DEVELOPMENT_TEAM = 22U234HGU8;
				INFOPLIST_FILE = "KPI Schedule Tests/Info.plist";
				LD_RUNPATH_SEARCH_PATHS = (
					"$(inherited)",
					"@executable_path/Frameworks",
					"@loader_path/Frameworks",
				);
				PRODUCT_BUNDLE_IDENTIFIER = "vikhliaiev.KPI-Schedule-Tests";
				PRODUCT_NAME = "$(TARGET_NAME)";
				SWIFT_VERSION = 4.2;
				TARGETED_DEVICE_FAMILY = "1,2";
				TEST_HOST = "$(BUILT_PRODUCTS_DIR)/KPI Schedule.app/KPI Schedule";
			};
			name = Debug;
		};
		3A482896222F58C60093E949 /* Release */ = {
			isa = XCBuildConfiguration;
			baseConfigurationReference = 4FEA0284DCA431BB22CF78F8 /* Pods-KPI Schedule Tests.release.xcconfig */;
			buildSettings = {
				BUNDLE_LOADER = "$(TEST_HOST)";
				CODE_SIGN_STYLE = Automatic;
				DEVELOPMENT_TEAM = 22U234HGU8;
				INFOPLIST_FILE = "KPI Schedule Tests/Info.plist";
				LD_RUNPATH_SEARCH_PATHS = (
					"$(inherited)",
					"@executable_path/Frameworks",
					"@loader_path/Frameworks",
				);
				PRODUCT_BUNDLE_IDENTIFIER = "vikhliaiev.KPI-Schedule-Tests";
				PRODUCT_NAME = "$(TARGET_NAME)";
				SWIFT_VERSION = 4.2;
				TARGETED_DEVICE_FAMILY = "1,2";
				TEST_HOST = "$(BUILT_PRODUCTS_DIR)/KPI Schedule.app/KPI Schedule";
			};
			name = Release;
		};
/* End XCBuildConfiguration section */

/* Begin XCConfigurationList section */
		3A482853222F2AA30093E949 /* Build configuration list for PBXProject "KPI Schedule" */ = {
			isa = XCConfigurationList;
			buildConfigurations = (
				3A482868222F2AA50093E949 /* Debug */,
				3A482869222F2AA50093E949 /* Release */,
			);
			defaultConfigurationIsVisible = 0;
			defaultConfigurationName = Release;
		};
		3A48286A222F2AA50093E949 /* Build configuration list for PBXNativeTarget "KPI Schedule" */ = {
			isa = XCConfigurationList;
			buildConfigurations = (
				3A48286B222F2AA50093E949 /* Debug */,
				3A48286C222F2AA50093E949 /* Release */,
			);
			defaultConfigurationIsVisible = 0;
			defaultConfigurationName = Release;
		};
		3A482894222F58C60093E949 /* Build configuration list for PBXNativeTarget "KPI Schedule Tests" */ = {
			isa = XCConfigurationList;
			buildConfigurations = (
				3A482895222F58C60093E949 /* Debug */,
				3A482896222F58C60093E949 /* Release */,
			);
			defaultConfigurationIsVisible = 0;
			defaultConfigurationName = Release;
		};
/* End XCConfigurationList section */
	};
	rootObject = 3A482850222F2AA30093E949 /* Project object */;
}
